# THIS IS AN AUTOGENERATED FILE. DO NOT EDIT THIS FILE DIRECTLY.
# yarn lockfile v1


axios@^0.16.2:
  version "0.16.2"
  resolved "https://registry.yarnpkg.com/axios/-/axios-0.16.2.tgz#ba4f92f17167dfbab40983785454b9ac149c3c6d"
  dependencies:
    follow-redirects "^1.2.3"
    is-buffer "^1.1.5"

bootstrap-vue@^1.0.0-beta.7:
  version "1.0.0-beta.7"
  resolved "https://registry.yarnpkg.com/bootstrap-vue/-/bootstrap-vue-1.0.0-beta.7.tgz#dab0eb35421df80fe0966849b8e992f0ec0a270e"
  dependencies:
    bootstrap "^4.0.0-beta"
    jquery "^3.0.0"
    popper.js "^1.12.5"
    vue "^2.4.2"
    vue-functional-data-merge "^1.0.6"

bootstrap@^4.0.0-beta:
  version "4.0.0-beta"
  resolved "https://registry.yarnpkg.com/bootstrap/-/bootstrap-4.0.0-beta.tgz#dc5928175d2e71310bc668cf9e05a907211b72a6"

debug@^2.4.5:
  version "2.6.8"
  resolved "https://registry.yarnpkg.com/debug/-/debug-2.6.8.tgz#e731531ca2ede27d188222427da17821d68ff4fc"
  dependencies:
    ms "2.0.0"

follow-redirects@^1.2.3:
  version "1.2.4"
  resolved "https://registry.yarnpkg.com/follow-redirects/-/follow-redirects-1.2.4.tgz#355e8f4d16876b43f577b0d5ce2668b9723214ea"
  dependencies:
    debug "^2.4.5"

is-buffer@^1.1.5:
  version "1.1.5"
  resolved "https://registry.yarnpkg.com/is-buffer/-/is-buffer-1.1.5.tgz#1f3b26ef613b214b88cbca23cc6c01d87961eecc"

jquery@^3.0.0:
  version "3.2.1"
  resolved "https://registry.yarnpkg.com/jquery/-/jquery-3.2.1.tgz#5c4d9de652af6cd0a770154a631bba12b015c787"

ms@2.0.0:
  version "2.0.0"
  resolved "https://registry.yarnpkg.com/ms/-/ms-2.0.0.tgz#5608aeadfc00be6c2901df5f9861788de0d597c8"

popper.js@^1.12.5:
  version "1.12.5"
  resolved "https://registry.yarnpkg.com/popper.js/-/popper.js-1.12.5.tgz#229e4dea01629e1f1a1e26991ffade5024220fa6"

vue-axios@^2.0.2:
  version "2.0.2"
  resolved "https://registry.yarnpkg.com/vue-axios/-/vue-axios-2.0.2.tgz#0fe5a69f1edb09a1cd6c4a7f88c74d2fb7fe1778"

vue-functional-data-merge@^1.0.6:
  version "1.0.6"
  resolved "https://registry.yarnpkg.com/vue-functional-data-merge/-/vue-functional-data-merge-1.0.6.tgz#cde4f0cf3f251f7f0196341156d2c936cca63d40"

vue@^2.4.2:
  version "2.4.4"
  resolved "https://registry.yarnpkg.com/vue/-/vue-2.4.4.tgz#ea9550b96a71465fd2b8b17b61673b3561861789"

vuex@^2.4.0:
  version "2.4.0"
  resolved "https://registry.yarnpkg.com/vuex/-/vuex-2.4.0.tgz#e1d0430646282b40007fdd06ec6ae88a9f5a1e14"
